
Microsoft Visual Studio Solution File, Format Version 12.00
# Visual Studio Version 17
VisualStudioVersion = 17.1.32228.430
MinimumVisualStudioVersion = 10.0.40219.1
Project("{2150E333-8FDC-42A3-9474-1A3956D46DE8}") = "BankRequest", "BankRequest", "{206A95BD-9592-4076-A8A9-C8F96C03B7EF}"
EndProject
Project("{2150E333-8FDC-42A3-9474-1A3956D46DE8}") = "Document", "Document", "{7F8FAF95-893C-49F8-AEA2-B07C28B72EE5}"
EndProject
Project("{2150E333-8FDC-42A3-9474-1A3956D46DE8}") = "BuyRequest", "BuyRequest", "{0C44557E-D0DB-421E-96C6-BAA7914DA1C4}"
EndProject
Project("{2150E333-8FDC-42A3-9474-1A3956D46DE8}") = "Infrastructure", "Infrastructure", "{2196EE09-CEBC-41C2-8D30-19D4FDDCEDB5}"
EndProject
Project("{2150E333-8FDC-42A3-9474-1A3956D46DE8}") = "Application", "Application", "{8D42115C-1E99-4DCE-BE41-2DC35A5A1D32}"
EndProject
Project("{2150E333-8FDC-42A3-9474-1A3956D46DE8}") = "Domain", "Domain", "{EC12C2AF-52F4-44BC-872B-142B367ABFE3}"
EndProject
Project("{2150E333-8FDC-42A3-9474-1A3956D46DE8}") = "Data", "Data", "{FE82A627-1D70-48FD-ACA8-1CF58157689F}"
EndProject
Project("{2150E333-8FDC-42A3-9474-1A3956D46DE8}") = "Communication", "Communication", "{0E731D00-3394-4510-BE1E-139525F3E2E2}"
EndProject
Project("{9A19103F-16F7-4668-BE54-9A1E7A4F7556}") = "BankRequestAPI", "BankRequestApi\BankRequestAPI.csproj", "{F4E9E561-A337-4B33-93CE-46A255E83128}"
EndProject
Project("{9A19103F-16F7-4668-BE54-9A1E7A4F7556}") = "BankRequest.Domain", "BankRequestDomain\BankRequest.Domain.csproj", "{25E11EB8-4B71-4E7E-9813-057D47CFE834}"
EndProject
Project("{9A19103F-16F7-4668-BE54-9A1E7A4F7556}") = "BankRequest.Data", "BankRequestData\BankRequest.Data.csproj", "{3C61526E-A5D8-491A-A073-7EA351D4AD51}"
EndProject
Project("{9A19103F-16F7-4668-BE54-9A1E7A4F7556}") = "BankRequest.Application", "BankRequestApplication\BankRequest.Application.csproj", "{A36E3F88-584B-4795-8301-D6DCA9651AB2}"
EndProject
Project("{2150E333-8FDC-42A3-9474-1A3956D46DE8}") = "Application", "Application", "{0EB7BEEC-4AAC-459A-959C-4140E7CD33B5}"
EndProject
Project("{2150E333-8FDC-42A3-9474-1A3956D46DE8}") = "Domain", "Domain", "{8BD7E5AC-5C91-4235-B612-4DCB8F47D0BC}"
EndProject
Project("{2150E333-8FDC-42A3-9474-1A3956D46DE8}") = "Data", "Data", "{724FE712-535D-4EA8-953B-47A93862C89B}"
EndProject
Project("{9A19103F-16F7-4668-BE54-9A1E7A4F7556}") = "BuyRequestAPI", "BuyRequestAPI\BuyRequestAPI.csproj", "{4391EDF8-0F90-4C1A-98CB-9BE115C1E230}"
EndProject
Project("{9A19103F-16F7-4668-BE54-9A1E7A4F7556}") = "BuyRequest.Application", "BuyRequestApplication\BuyRequest.Application.csproj", "{02C17929-B73C-48F5-B9B7-25C7C5735490}"
EndProject
Project("{9A19103F-16F7-4668-BE54-9A1E7A4F7556}") = "BuyRequest.Data", "BuyRequestData\BuyRequest.Data.csproj", "{CC9D1A13-59C5-4B60-B706-0C74835E811E}"
EndProject
Project("{9A19103F-16F7-4668-BE54-9A1E7A4F7556}") = "BuyRequest.Domain", "BuyRequestDomain\BuyRequest.Domain.csproj", "{CE473E43-FB3E-4E69-BBB7-A3DCF911CA9A}"
EndProject
Project("{9A19103F-16F7-4668-BE54-9A1E7A4F7556}") = "DocumentAPI", "DocumentAPI\DocumentAPI.csproj", "{158297BF-E5A9-4B5C-8007-3ACC8C7B8D5D}"
EndProject
Project("{2150E333-8FDC-42A3-9474-1A3956D46DE8}") = "Application", "Application", "{B2911A5E-0012-4904-A10A-935DE763AED3}"
EndProject
Project("{9A19103F-16F7-4668-BE54-9A1E7A4F7556}") = "Document.Application", "DocumentApplication\Document.Application.csproj", "{311BB560-AAAE-4098-81FB-AF239101DF0A}"
EndProject
Project("{2150E333-8FDC-42A3-9474-1A3956D46DE8}") = "Data", "Data", "{B19179D7-3A6A-4F55-A551-826C15780EE0}"
EndProject
Project("{9A19103F-16F7-4668-BE54-9A1E7A4F7556}") = "Document.Data", "DocumentData\Document.Data.csproj", "{FFCFA5D6-A2DE-4983-8795-DC1C490652A9}"
EndProject
Project("{2150E333-8FDC-42A3-9474-1A3956D46DE8}") = "Domain", "Domain", "{DA56F98E-866C-4C43-865A-C39C1A23FFE1}"
EndProject
Project("{9A19103F-16F7-4668-BE54-9A1E7A4F7556}") = "Document.Domain", "DocumentDomain\Document.Domain.csproj", "{881E0E86-4B55-46DD-A7C7-D65E6D2F8199}"
EndProject
Project("{9A19103F-16F7-4668-BE54-9A1E7A4F7556}") = "FinancialChallenge_Oscar.Infrastructure", "FinancialChallenge_Oscar.Infrastructure\FinancialChallenge_Oscar.Infrastructure.csproj", "{F12F1042-C48C-4CA9-BAE6-BD885CBE7AC3}"
EndProject
Project("{9A19103F-16F7-4668-BE54-9A1E7A4F7556}") = "BankRequest.ClientApi", "BankRequest.ClientApi\BankRequest.ClientApi.csproj", "{437DF983-B2CE-4E6C-A210-722119528386}"
EndProject
Project("{2150E333-8FDC-42A3-9474-1A3956D46DE8}") = "UnitTests", "UnitTests", "{FAA10394-F73A-42E7-A9B9-E3CA20EC3025}"
EndProject
Project("{9A19103F-16F7-4668-BE54-9A1E7A4F7556}") = "BankRequest.UnitTest", "BankRequest.UnitTest\BankRequest.UnitTest.csproj", "{EA32C5E5-7B1D-429E-8333-41F67A25E672}"
EndProject
Project("{2150E333-8FDC-42A3-9474-1A3956D46DE8}") = "UnitTest", "UnitTest", "{4DED6BDC-6549-4BC0-BEC8-8354462A0011}"
EndProject
Project("{9A19103F-16F7-4668-BE54-9A1E7A4F7556}") = "BuyRequest.UnitTest", "BuyRequest.UnitTest\BuyRequest.UnitTest.csproj", "{3834B2D3-435E-474B-B354-1A2341FEB245}"
EndProject
Project("{2150E333-8FDC-42A3-9474-1A3956D46DE8}") = "UnitTest", "UnitTest", "{5B00FC90-1748-452E-AA95-CD4A3BE96E86}"
EndProject
Project("{9A19103F-16F7-4668-BE54-9A1E7A4F7556}") = "Document.UnitTest", "Document.UnitTest\Document.UnitTest.csproj", "{9B0B2C69-F58D-49DE-958C-039025A14477}"
EndProject
Project("{2150E333-8FDC-42A3-9474-1A3956D46DE8}") = "Product", "Product", "{3BB39984-D6A4-41A5-90F5-3BF7E43D13D0}"
EndProject
Project("{2150E333-8FDC-42A3-9474-1A3956D46DE8}") = "Application", "Application", "{B8D643E2-6035-464B-9ADB-BED869303E4F}"
EndProject
Project("{2150E333-8FDC-42A3-9474-1A3956D46DE8}") = "Data", "Data", "{E049926A-D71E-48B6-8F8C-8C5DE6BD51B9}"
EndProject
Project("{2150E333-8FDC-42A3-9474-1A3956D46DE8}") = "Domain", "Domain", "{CBAFA67A-B3D4-42C9-936C-AC3696E89BD2}"
EndProject
Project("{2150E333-8FDC-42A3-9474-1A3956D46DE8}") = "UnitTest", "UnitTest", "{92A115EA-7A22-4F10-BC6C-787EDAD8784C}"
EndProject
Project("{9A19103F-16F7-4668-BE54-9A1E7A4F7556}") = "ProductAPI", "ProductAPI\ProductAPI.csproj", "{9689E789-80A8-4307-8D63-7364818554FF}"
EndProject
Project("{9A19103F-16F7-4668-BE54-9A1E7A4F7556}") = "Product.Application", "Product.Application\Product.Application.csproj", "{38336B5B-41A4-41A1-B1DA-07279D679867}"
EndProject
Project("{9A19103F-16F7-4668-BE54-9A1E7A4F7556}") = "Product.Data", "Product.Data\Product.Data.csproj", "{9372F512-1D13-425C-8D12-98ED114C57DD}"
EndProject
Project("{9A19103F-16F7-4668-BE54-9A1E7A4F7556}") = "Product.Domain", "Product.Domain\Product.Domain.csproj", "{76A38DD3-05EF-489E-9443-6197B0775D5E}"
EndProject
Project("{9A19103F-16F7-4668-BE54-9A1E7A4F7556}") = "Product.UnitTest", "ProductUnitTest\Product.UnitTest.csproj", "{3EE70302-5E38-44C9-B32A-2CB205BAAA04}"
EndProject
Project("{E53339B2-1760-4266-BCC7-CA923CBCF16C}") = "docker-compose", "docker-compose.dcproj", "{5AFDCFCA-171B-432C-89C8-7361DE0EFD15}"
EndProject
Global
	GlobalSection(SolutionConfigurationPlatforms) = preSolution
		Debug|Any CPU = Debug|Any CPU
		Release|Any CPU = Release|Any CPU
	EndGlobalSection
	GlobalSection(ProjectConfigurationPlatforms) = postSolution
		{F4E9E561-A337-4B33-93CE-46A255E83128}.Debug|Any CPU.ActiveCfg = Debug|Any CPU
		{F4E9E561-A337-4B33-93CE-46A255E83128}.Debug|Any CPU.Build.0 = Debug|Any CPU
		{F4E9E561-A337-4B33-93CE-46A255E83128}.Release|Any CPU.ActiveCfg = Release|Any CPU
		{F4E9E561-A337-4B33-93CE-46A255E83128}.Release|Any CPU.Build.0 = Release|Any CPU
		{25E11EB8-4B71-4E7E-9813-057D47CFE834}.Debug|Any CPU.ActiveCfg = Debug|Any CPU
		{25E11EB8-4B71-4E7E-9813-057D47CFE834}.Debug|Any CPU.Build.0 = Debug|Any CPU
		{25E11EB8-4B71-4E7E-9813-057D47CFE834}.Release|Any CPU.ActiveCfg = Release|Any CPU
		{25E11EB8-4B71-4E7E-9813-057D47CFE834}.Release|Any CPU.Build.0 = Release|Any CPU
		{3C61526E-A5D8-491A-A073-7EA351D4AD51}.Debug|Any CPU.ActiveCfg = Debug|Any CPU
		{3C61526E-A5D8-491A-A073-7EA351D4AD51}.Debug|Any CPU.Build.0 = Debug|Any CPU
		{3C61526E-A5D8-491A-A073-7EA351D4AD51}.Release|Any CPU.ActiveCfg = Release|Any CPU
		{3C61526E-A5D8-491A-A073-7EA351D4AD51}.Release|Any CPU.Build.0 = Release|Any CPU
		{A36E3F88-584B-4795-8301-D6DCA9651AB2}.Debug|Any CPU.ActiveCfg = Debug|Any CPU
		{A36E3F88-584B-4795-8301-D6DCA9651AB2}.Debug|Any CPU.Build.0 = Debug|Any CPU
		{A36E3F88-584B-4795-8301-D6DCA9651AB2}.Release|Any CPU.ActiveCfg = Release|Any CPU
		{A36E3F88-584B-4795-8301-D6DCA9651AB2}.Release|Any CPU.Build.0 = Release|Any CPU
		{4391EDF8-0F90-4C1A-98CB-9BE115C1E230}.Debug|Any CPU.ActiveCfg = Debug|Any CPU
		{4391EDF8-0F90-4C1A-98CB-9BE115C1E230}.Debug|Any CPU.Build.0 = Debug|Any CPU
		{4391EDF8-0F90-4C1A-98CB-9BE115C1E230}.Release|Any CPU.ActiveCfg = Release|Any CPU
		{4391EDF8-0F90-4C1A-98CB-9BE115C1E230}.Release|Any CPU.Build.0 = Release|Any CPU
		{02C17929-B73C-48F5-B9B7-25C7C5735490}.Debug|Any CPU.ActiveCfg = Debug|Any CPU
		{02C17929-B73C-48F5-B9B7-25C7C5735490}.Debug|Any CPU.Build.0 = Debug|Any CPU
		{02C17929-B73C-48F5-B9B7-25C7C5735490}.Release|Any CPU.ActiveCfg = Release|Any CPU
		{02C17929-B73C-48F5-B9B7-25C7C5735490}.Release|Any CPU.Build.0 = Release|Any CPU
		{CC9D1A13-59C5-4B60-B706-0C74835E811E}.Debug|Any CPU.ActiveCfg = Debug|Any CPU
		{CC9D1A13-59C5-4B60-B706-0C74835E811E}.Debug|Any CPU.Build.0 = Debug|Any CPU
		{CC9D1A13-59C5-4B60-B706-0C74835E811E}.Release|Any CPU.ActiveCfg = Release|Any CPU
		{CC9D1A13-59C5-4B60-B706-0C74835E811E}.Release|Any CPU.Build.0 = Release|Any CPU
		{CE473E43-FB3E-4E69-BBB7-A3DCF911CA9A}.Debug|Any CPU.ActiveCfg = Debug|Any CPU
		{CE473E43-FB3E-4E69-BBB7-A3DCF911CA9A}.Debug|Any CPU.Build.0 = Debug|Any CPU
		{CE473E43-FB3E-4E69-BBB7-A3DCF911CA9A}.Release|Any CPU.ActiveCfg = Release|Any CPU
		{CE473E43-FB3E-4E69-BBB7-A3DCF911CA9A}.Release|Any CPU.Build.0 = Release|Any CPU
		{158297BF-E5A9-4B5C-8007-3ACC8C7B8D5D}.Debug|Any CPU.ActiveCfg = Debug|Any CPU
		{158297BF-E5A9-4B5C-8007-3ACC8C7B8D5D}.Debug|Any CPU.Build.0 = Debug|Any CPU
		{158297BF-E5A9-4B5C-8007-3ACC8C7B8D5D}.Release|Any CPU.ActiveCfg = Release|Any CPU
		{158297BF-E5A9-4B5C-8007-3ACC8C7B8D5D}.Release|Any CPU.Build.0 = Release|Any CPU
		{311BB560-AAAE-4098-81FB-AF239101DF0A}.Debug|Any CPU.ActiveCfg = Debug|Any CPU
		{311BB560-AAAE-4098-81FB-AF239101DF0A}.Debug|Any CPU.Build.0 = Debug|Any CPU
		{311BB560-AAAE-4098-81FB-AF239101DF0A}.Release|Any CPU.ActiveCfg = Release|Any CPU
		{311BB560-AAAE-4098-81FB-AF239101DF0A}.Release|Any CPU.Build.0 = Release|Any CPU
		{FFCFA5D6-A2DE-4983-8795-DC1C490652A9}.Debug|Any CPU.ActiveCfg = Debug|Any CPU
		{FFCFA5D6-A2DE-4983-8795-DC1C490652A9}.Debug|Any CPU.Build.0 = Debug|Any CPU
		{FFCFA5D6-A2DE-4983-8795-DC1C490652A9}.Release|Any CPU.ActiveCfg = Release|Any CPU
		{FFCFA5D6-A2DE-4983-8795-DC1C490652A9}.Release|Any CPU.Build.0 = Release|Any CPU
		{881E0E86-4B55-46DD-A7C7-D65E6D2F8199}.Debug|Any CPU.ActiveCfg = Debug|Any CPU
		{881E0E86-4B55-46DD-A7C7-D65E6D2F8199}.Debug|Any CPU.Build.0 = Debug|Any CPU
		{881E0E86-4B55-46DD-A7C7-D65E6D2F8199}.Release|Any CPU.ActiveCfg = Release|Any CPU
		{881E0E86-4B55-46DD-A7C7-D65E6D2F8199}.Release|Any CPU.Build.0 = Release|Any CPU
		{F12F1042-C48C-4CA9-BAE6-BD885CBE7AC3}.Debug|Any CPU.ActiveCfg = Debug|Any CPU
		{F12F1042-C48C-4CA9-BAE6-BD885CBE7AC3}.Debug|Any CPU.Build.0 = Debug|Any CPU
		{F12F1042-C48C-4CA9-BAE6-BD885CBE7AC3}.Release|Any CPU.ActiveCfg = Release|Any CPU
		{F12F1042-C48C-4CA9-BAE6-BD885CBE7AC3}.Release|Any CPU.Build.0 = Release|Any CPU
		{437DF983-B2CE-4E6C-A210-722119528386}.Debug|Any CPU.ActiveCfg = Debug|Any CPU
		{437DF983-B2CE-4E6C-A210-722119528386}.Debug|Any CPU.Build.0 = Debug|Any CPU
		{437DF983-B2CE-4E6C-A210-722119528386}.Release|Any CPU.ActiveCfg = Release|Any CPU
		{437DF983-B2CE-4E6C-A210-722119528386}.Release|Any CPU.Build.0 = Release|Any CPU
		{EA32C5E5-7B1D-429E-8333-41F67A25E672}.Debug|Any CPU.ActiveCfg = Debug|Any CPU
		{EA32C5E5-7B1D-429E-8333-41F67A25E672}.Debug|Any CPU.Build.0 = Debug|Any CPU
		{EA32C5E5-7B1D-429E-8333-41F67A25E672}.Release|Any CPU.ActiveCfg = Release|Any CPU
		{EA32C5E5-7B1D-429E-8333-41F67A25E672}.Release|Any CPU.Build.0 = Release|Any CPU
		{3834B2D3-435E-474B-B354-1A2341FEB245}.Debug|Any CPU.ActiveCfg = Debug|Any CPU
		{3834B2D3-435E-474B-B354-1A2341FEB245}.Debug|Any CPU.Build.0 = Debug|Any CPU
		{3834B2D3-435E-474B-B354-1A2341FEB245}.Release|Any CPU.ActiveCfg = Release|Any CPU
		{3834B2D3-435E-474B-B354-1A2341FEB245}.Release|Any CPU.Build.0 = Release|Any CPU
		{9B0B2C69-F58D-49DE-958C-039025A14477}.Debug|Any CPU.ActiveCfg = Debug|Any CPU
		{9B0B2C69-F58D-49DE-958C-039025A14477}.Debug|Any CPU.Build.0 = Debug|Any CPU
		{9B0B2C69-F58D-49DE-958C-039025A14477}.Release|Any CPU.ActiveCfg = Release|Any CPU
		{9B0B2C69-F58D-49DE-958C-039025A14477}.Release|Any CPU.Build.0 = Release|Any CPU
		{9689E789-80A8-4307-8D63-7364818554FF}.Debug|Any CPU.ActiveCfg = Debug|Any CPU
		{9689E789-80A8-4307-8D63-7364818554FF}.Debug|Any CPU.Build.0 = Debug|Any CPU
		{9689E789-80A8-4307-8D63-7364818554FF}.Release|Any CPU.ActiveCfg = Release|Any CPU
		{9689E789-80A8-4307-8D63-7364818554FF}.Release|Any CPU.Build.0 = Release|Any CPU
		{38336B5B-41A4-41A1-B1DA-07279D679867}.Debug|Any CPU.ActiveCfg = Debug|Any CPU
		{38336B5B-41A4-41A1-B1DA-07279D679867}.Debug|Any CPU.Build.0 = Debug|Any CPU
		{38336B5B-41A4-41A1-B1DA-07279D679867}.Release|Any CPU.ActiveCfg = Release|Any CPU
		{38336B5B-41A4-41A1-B1DA-07279D679867}.Release|Any CPU.Build.0 = Release|Any CPU
		{9372F512-1D13-425C-8D12-98ED114C57DD}.Debug|Any CPU.ActiveCfg = Debug|Any CPU
		{9372F512-1D13-425C-8D12-98ED114C57DD}.Debug|Any CPU.Build.0 = Debug|Any CPU
		{9372F512-1D13-425C-8D12-98ED114C57DD}.Release|Any CPU.ActiveCfg = Release|Any CPU
		{9372F512-1D13-425C-8D12-98ED114C57DD}.Release|Any CPU.Build.0 = Release|Any CPU
		{76A38DD3-05EF-489E-9443-6197B0775D5E}.Debug|Any CPU.ActiveCfg = Debug|Any CPU
		{76A38DD3-05EF-489E-9443-6197B0775D5E}.Debug|Any CPU.Build.0 = Debug|Any CPU
		{76A38DD3-05EF-489E-9443-6197B0775D5E}.Release|Any CPU.ActiveCfg = Release|Any CPU
		{76A38DD3-05EF-489E-9443-6197B0775D5E}.Release|Any CPU.Build.0 = Release|Any CPU
		{3EE70302-5E38-44C9-B32A-2CB205BAAA04}.Debug|Any CPU.ActiveCfg = Debug|Any CPU
		{3EE70302-5E38-44C9-B32A-2CB205BAAA04}.Debug|Any CPU.Build.0 = Debug|Any CPU
		{3EE70302-5E38-44C9-B32A-2CB205BAAA04}.Release|Any CPU.ActiveCfg = Release|Any CPU
		{3EE70302-5E38-44C9-B32A-2CB205BAAA04}.Release|Any CPU.Build.0 = Release|Any CPU
		{5AFDCFCA-171B-432C-89C8-7361DE0EFD15}.Debug|Any CPU.ActiveCfg = Debug|Any CPU
		{5AFDCFCA-171B-432C-89C8-7361DE0EFD15}.Debug|Any CPU.Build.0 = Debug|Any CPU
		{5AFDCFCA-171B-432C-89C8-7361DE0EFD15}.Release|Any CPU.ActiveCfg = Release|Any CPU
		{5AFDCFCA-171B-432C-89C8-7361DE0EFD15}.Release|Any CPU.Build.0 = Release|Any CPU
	EndGlobalSection
	GlobalSection(SolutionProperties) = preSolution
		HideSolutionNode = FALSE
	EndGlobalSection
	GlobalSection(NestedProjects) = preSolution
		{8D42115C-1E99-4DCE-BE41-2DC35A5A1D32} = {206A95BD-9592-4076-A8A9-C8F96C03B7EF}
		{EC12C2AF-52F4-44BC-872B-142B367ABFE3} = {206A95BD-9592-4076-A8A9-C8F96C03B7EF}
		{FE82A627-1D70-48FD-ACA8-1CF58157689F} = {206A95BD-9592-4076-A8A9-C8F96C03B7EF}
		{0E731D00-3394-4510-BE1E-139525F3E2E2} = {206A95BD-9592-4076-A8A9-C8F96C03B7EF}
		{F4E9E561-A337-4B33-93CE-46A255E83128} = {206A95BD-9592-4076-A8A9-C8F96C03B7EF}
		{25E11EB8-4B71-4E7E-9813-057D47CFE834} = {EC12C2AF-52F4-44BC-872B-142B367ABFE3}
		{3C61526E-A5D8-491A-A073-7EA351D4AD51} = {FE82A627-1D70-48FD-ACA8-1CF58157689F}
		{A36E3F88-584B-4795-8301-D6DCA9651AB2} = {8D42115C-1E99-4DCE-BE41-2DC35A5A1D32}
		{0EB7BEEC-4AAC-459A-959C-4140E7CD33B5} = {0C44557E-D0DB-421E-96C6-BAA7914DA1C4}
		{8BD7E5AC-5C91-4235-B612-4DCB8F47D0BC} = {0C44557E-D0DB-421E-96C6-BAA7914DA1C4}
		{724FE712-535D-4EA8-953B-47A93862C89B} = {0C44557E-D0DB-421E-96C6-BAA7914DA1C4}
		{4391EDF8-0F90-4C1A-98CB-9BE115C1E230} = {0C44557E-D0DB-421E-96C6-BAA7914DA1C4}
		{02C17929-B73C-48F5-B9B7-25C7C5735490} = {0EB7BEEC-4AAC-459A-959C-4140E7CD33B5}
		{CC9D1A13-59C5-4B60-B706-0C74835E811E} = {724FE712-535D-4EA8-953B-47A93862C89B}
		{CE473E43-FB3E-4E69-BBB7-A3DCF911CA9A} = {8BD7E5AC-5C91-4235-B612-4DCB8F47D0BC}
		{158297BF-E5A9-4B5C-8007-3ACC8C7B8D5D} = {7F8FAF95-893C-49F8-AEA2-B07C28B72EE5}
		{B2911A5E-0012-4904-A10A-935DE763AED3} = {7F8FAF95-893C-49F8-AEA2-B07C28B72EE5}
		{311BB560-AAAE-4098-81FB-AF239101DF0A} = {B2911A5E-0012-4904-A10A-935DE763AED3}
		{B19179D7-3A6A-4F55-A551-826C15780EE0} = {7F8FAF95-893C-49F8-AEA2-B07C28B72EE5}
		{FFCFA5D6-A2DE-4983-8795-DC1C490652A9} = {B19179D7-3A6A-4F55-A551-826C15780EE0}
		{DA56F98E-866C-4C43-865A-C39C1A23FFE1} = {7F8FAF95-893C-49F8-AEA2-B07C28B72EE5}
		{881E0E86-4B55-46DD-A7C7-D65E6D2F8199} = {DA56F98E-866C-4C43-865A-C39C1A23FFE1}
		{F12F1042-C48C-4CA9-BAE6-BD885CBE7AC3} = {2196EE09-CEBC-41C2-8D30-19D4FDDCEDB5}
		{437DF983-B2CE-4E6C-A210-722119528386} = {0E731D00-3394-4510-BE1E-139525F3E2E2}
		{FAA10394-F73A-42E7-A9B9-E3CA20EC3025} = {206A95BD-9592-4076-A8A9-C8F96C03B7EF}
		{EA32C5E5-7B1D-429E-8333-41F67A25E672} = {FAA10394-F73A-42E7-A9B9-E3CA20EC3025}
		{4DED6BDC-6549-4BC0-BEC8-8354462A0011} = {0C44557E-D0DB-421E-96C6-BAA7914DA1C4}
		{3834B2D3-435E-474B-B354-1A2341FEB245} = {4DED6BDC-6549-4BC0-BEC8-8354462A0011}
		{5B00FC90-1748-452E-AA95-CD4A3BE96E86} = {7F8FAF95-893C-49F8-AEA2-B07C28B72EE5}
		{9B0B2C69-F58D-49DE-958C-039025A14477} = {5B00FC90-1748-452E-AA95-CD4A3BE96E86}
		{B8D643E2-6035-464B-9ADB-BED869303E4F} = {3BB39984-D6A4-41A5-90F5-3BF7E43D13D0}
		{E049926A-D71E-48B6-8F8C-8C5DE6BD51B9} = {3BB39984-D6A4-41A5-90F5-3BF7E43D13D0}
		{CBAFA67A-B3D4-42C9-936C-AC3696E89BD2} = {3BB39984-D6A4-41A5-90F5-3BF7E43D13D0}
		{92A115EA-7A22-4F10-BC6C-787EDAD8784C} = {3BB39984-D6A4-41A5-90F5-3BF7E43D13D0}
		{9689E789-80A8-4307-8D63-7364818554FF} = {3BB39984-D6A4-41A5-90F5-3BF7E43D13D0}
		{38336B5B-41A4-41A1-B1DA-07279D679867} = {B8D643E2-6035-464B-9ADB-BED869303E4F}
		{9372F512-1D13-425C-8D12-98ED114C57DD} = {E049926A-D71E-48B6-8F8C-8C5DE6BD51B9}
		{76A38DD3-05EF-489E-9443-6197B0775D5E} = {CBAFA67A-B3D4-42C9-936C-AC3696E89BD2}
		{3EE70302-5E38-44C9-B32A-2CB205BAAA04} = {92A115EA-7A22-4F10-BC6C-787EDAD8784C}
	EndGlobalSection
	GlobalSection(ExtensibilityGlobals) = postSolution
		SolutionGuid = {BDBE3851-3692-4146-A14B-BC95258FBBFF}
	EndGlobalSection
EndGlobal
